
Microsoft Visual Studio Solution File, Format Version 12.00
# Visual Studio Version 17
VisualStudioVersion = 17.10.34928.147
MinimumVisualStudioVersion = 10.0.40219.1
Project("{FAE04EC0-301F-11D3-BF4B-00C04F79EFBC}") = "studentgrade", "studentgrade\studentgrade.csproj", "{688B40FD-F044-4EE3-BB67-8A637AD0DC20}"
EndProject
Global
	GlobalSection(SolutionConfigurationPlatforms) = preSolution
		Debug|Any CPU = Debug|Any CPU
		Release|Any CPU = Release|Any CPU
	EndGlobalSection
	GlobalSection(ProjectConfigurationPlatforms) = postSolution
		{688B40FD-F044-4EE3-BB67-8A637AD0DC20}.Debug|Any CPU.ActiveCfg = Debug|Any CPU
		{688B40FD-F044-4EE3-BB67-8A637AD0DC20}.Debug|Any CPU.Build.0 = Debug|Any CPU
		{688B40FD-F044-4EE3-BB67-8A637AD0DC20}.Release|Any CPU.ActiveCfg = Release|Any CPU
		{688B40FD-F044-4EE3-BB67-8A637AD0DC20}.Release|Any CPU.Build.0 = Release|Any CPU
	EndGlobalSection
	GlobalSection(SolutionProperties) = preSolution
		HideSolutionNode = FALSE
	EndGlobalSection
	GlobalSection(ExtensibilityGlobals) = postSolution
		SolutionGuid = {0F4B2A33-509E-4D09-8440-E61A70897728}
	EndGlobalSection
EndGlobal
